// !$*UTF8*$!
{
	archiveVersion = 1;
	classes = {
	};
	objectVersion = 46;
	objects = {

/* Begin PBXBuildFile section */
		82642D2C1884E6B8006F1432 /* AudioToolbox.framework in Frameworks */ = {isa = PBXBuildFile; fileRef = 82642D291884E6B8006F1432 /* AudioToolbox.framework */; };
		82642D2E1884E6B8006F1432 /* CoreAudio.framework in Frameworks */ = {isa = PBXBuildFile; fileRef = 82642D2B1884E6B8006F1432 /* CoreAudio.framework */; };
		82A2534C1884D19B0021321A /* Foundation.framework in Frameworks */ = {isa = PBXBuildFile; fileRef = 82A2534B1884D19B0021321A /* Foundation.framework */; };
		82A2534E1884D19B0021321A /* CoreGraphics.framework in Frameworks */ = {isa = PBXBuildFile; fileRef = 82A2534D1884D19B0021321A /* CoreGraphics.framework */; };
		82A253501884D19B0021321A /* UIKit.framework in Frameworks */ = {isa = PBXBuildFile; fileRef = 82A2534F1884D19B0021321A /* UIKit.framework */; };
		82A253561884D19B0021321A /* InfoPlist.strings in Resources */ = {isa = PBXBuildFile; fileRef = 82A253541884D19B0021321A /* InfoPlist.strings */; };
		82A253581884D19B0021321A /* main.m in Sources */ = {isa = PBXBuildFile; fileRef = 82A253571884D19B0021321A /* main.m */; };
		82A2535C1884D19B0021321A /* CIAppDelegate.m in Sources */ = {isa = PBXBuildFile; fileRef = 82A2535B1884D19B0021321A /* CIAppDelegate.m */; };
		82A2535F1884D19B0021321A /* Main_iPhone.storyboard in Resources */ = {isa = PBXBuildFile; fileRef = 82A2535D1884D19B0021321A /* Main_iPhone.storyboard */; };
		82A253621884D19B0021321A /* Main_iPad.storyboard in Resources */ = {isa = PBXBuildFile; fileRef = 82A253601884D19B0021321A /* Main_iPad.storyboard */; };
		82A253651884D19B0021321A /* CIViewController.m in Sources */ = {isa = PBXBuildFile; fileRef = 82A253641884D19B0021321A /* CIViewController.m */; };
		82A253671884D19B0021321A /* Images.xcassets in Resources */ = {isa = PBXBuildFile; fileRef = 82A253661884D19B0021321A /* Images.xcassets */; };
		82A2536E1884D19B0021321A /* XCTest.framework in Frameworks */ = {isa = PBXBuildFile; fileRef = 82A2536D1884D19B0021321A /* XCTest.framework */; };
		82A2536F1884D19B0021321A /* Foundation.framework in Frameworks */ = {isa = PBXBuildFile; fileRef = 82A2534B1884D19B0021321A /* Foundation.framework */; };
		82A253701884D19B0021321A /* UIKit.framework in Frameworks */ = {isa = PBXBuildFile; fileRef = 82A2534F1884D19B0021321A /* UIKit.framework */; };
		82A253781884D19B0021321A /* InfoPlist.strings in Resources */ = {isa = PBXBuildFile; fileRef = 82A253761884D19B0021321A /* InfoPlist.strings */; };
		82A2537A1884D19B0021321A /* AuralizeTests.m in Sources */ = {isa = PBXBuildFile; fileRef = 82A253791884D19B0021321A /* AuralizeTests.m */; };
/* End PBXBuildFile section */

/* Begin PBXContainerItemProxy section */
		82A253711884D19B0021321A /* PBXContainerItemProxy */ = {
			isa = PBXContainerItemProxy;
			containerPortal = 82A253401884D19B0021321A /* Project object */;
			proxyType = 1;
			remoteGlobalIDString = 82A253471884D19B0021321A;
			remoteInfo = Auralize;
		};
/* End PBXContainerItemProxy section */

/* Begin PBXFileReference section */
		82642D291884E6B8006F1432 /* AudioToolbox.framework */ = {isa = PBXFileReference; lastKnownFileType = wrapper.framework; name = AudioToolbox.framework; path = System/Library/Frameworks/AudioToolbox.framework; sourceTree = SDKROOT; };
		82642D2A1884E6B8006F1432 /* AudioUnit.framework */ = {isa = PBXFileReference; lastKnownFileType = wrapper.framework; name = AudioUnit.framework; path = System/Library/Frameworks/AudioUnit.framework; sourceTree = SDKROOT; };
		82642D2B1884E6B8006F1432 /* CoreAudio.framework */ = {isa = PBXFileReference; lastKnownFileType = wrapper.framework; name = CoreAudio.framework; path = System/Library/Frameworks/CoreAudio.framework; sourceTree = SDKROOT; };
		82A253481884D19B0021321A /* Auralize.app */ = {isa = PBXFileReference; explicitFileType = wrapper.application; includeInIndex = 0; path = Auralize.app; sourceTree = BUILT_PRODUCTS_DIR; };
		82A2534B1884D19B0021321A /* Foundation.framework */ = {isa = PBXFileReference; lastKnownFileType = wrapper.framework; name = Foundation.framework; path = System/Library/Frameworks/Foundation.framework; sourceTree = SDKROOT; };
		82A2534D1884D19B0021321A /* CoreGraphics.framework */ = {isa = PBXFileReference; lastKnownFileType = wrapper.framework; name = CoreGraphics.framework; path = System/Library/Frameworks/CoreGraphics.framework; sourceTree = SDKROOT; };
		82A2534F1884D19B0021321A /* UIKit.framework */ = {isa = PBXFileReference; lastKnownFileType = wrapper.framework; name = UIKit.framework; path = System/Library/Frameworks/UIKit.framework; sourceTree = SDKROOT; };
		82A253531884D19B0021321A /* Auralize-Info.plist */ = {isa = PBXFileReference; lastKnownFileType = text.plist.xml; path = "Auralize-Info.plist"; sourceTree = "<group>"; };
		82A253551884D19B0021321A /* en */ = {isa = PBXFileReference; lastKnownFileType = text.plist.strings; name = en; path = en.lproj/InfoPlist.strings; sourceTree = "<group>"; };
		82A253571884D19B0021321A /* main.m */ = {isa = PBXFileReference; lastKnownFileType = sourcecode.c.objc; path = main.m; sourceTree = "<group>"; };
		82A253591884D19B0021321A /* Auralize-Prefix.pch */ = {isa = PBXFileReference; lastKnownFileType = sourcecode.c.h; path = "Auralize-Prefix.pch"; sourceTree = "<group>"; };
		82A2535A1884D19B0021321A /* CIAppDelegate.h */ = {isa = PBXFileReference; lastKnownFileType = sourcecode.c.h; path = CIAppDelegate.h; sourceTree = "<group>"; };
		82A2535B1884D19B0021321A /* CIAppDelegate.m */ = {isa = PBXFileReference; lastKnownFileType = sourcecode.c.objc; path = CIAppDelegate.m; sourceTree = "<group>"; };
		82A2535E1884D19B0021321A /* Base */ = {isa = PBXFileReference; lastKnownFileType = file.storyboard; name = Base; path = Base.lproj/Main_iPhone.storyboard; sourceTree = "<group>"; };
		82A253611884D19B0021321A /* Base */ = {isa = PBXFileReference; lastKnownFileType = file.storyboard; name = Base; path = Base.lproj/Main_iPad.storyboard; sourceTree = "<group>"; };
		82A253631884D19B0021321A /* CIViewController.h */ = {isa = PBXFileReference; lastKnownFileType = sourcecode.c.h; path = CIViewController.h; sourceTree = "<group>"; };
		82A253641884D19B0021321A /* CIViewController.m */ = {isa = PBXFileReference; lastKnownFileType = sourcecode.c.objc; path = CIViewController.m; sourceTree = "<group>"; };
		82A253661884D19B0021321A /* Images.xcassets */ = {isa = PBXFileReference; lastKnownFileType = folder.assetcatalog; path = Images.xcassets; sourceTree = "<group>"; };
		82A2536C1884D19B0021321A /* AuralizeTests.xctest */ = {isa = PBXFileReference; explicitFileType = wrapper.cfbundle; includeInIndex = 0; path = AuralizeTests.xctest; sourceTree = BUILT_PRODUCTS_DIR; };
		82A2536D1884D19B0021321A /* XCTest.framework */ = {isa = PBXFileReference; lastKnownFileType = wrapper.framework; name = XCTest.framework; path = Library/Frameworks/XCTest.framework; sourceTree = DEVELOPER_DIR; };
		82A253751884D19B0021321A /* AuralizeTests-Info.plist */ = {isa = PBXFileReference; lastKnownFileType = text.plist.xml; path = "AuralizeTests-Info.plist"; sourceTree = "<group>"; };
		82A253771884D19B0021321A /* en */ = {isa = PBXFileReference; lastKnownFileType = text.plist.strings; name = en; path = en.lproj/InfoPlist.strings; sourceTree = "<group>"; };
		82A253791884D19B0021321A /* AuralizeTests.m */ = {isa = PBXFileReference; lastKnownFileType = sourcecode.c.objc; path = AuralizeTests.m; sourceTree = "<group>"; };
/* End PBXFileReference section */

/* Begin PBXFrameworksBuildPhase section */
		82A253451884D19B0021321A /* Frameworks */ = {
			isa = PBXFrameworksBuildPhase;
			buildActionMask = 2147483647;
			files = (
				82642D2C1884E6B8006F1432 /* AudioToolbox.framework in Frameworks */,
				82642D2E1884E6B8006F1432 /* CoreAudio.framework in Frameworks */,
				82A2534E1884D19B0021321A /* CoreGraphics.framework in Frameworks */,
				82A253501884D19B0021321A /* UIKit.framework in Frameworks */,
				82A2534C1884D19B0021321A /* Foundation.framework in Frameworks */,
			);
			runOnlyForDeploymentPostprocessing = 0;
		};
		82A253691884D19B0021321A /* Frameworks */ = {
			isa = PBXFrameworksBuildPhase;
			buildActionMask = 2147483647;
			files = (
				82A2536E1884D19B0021321A /* XCTest.framework in Frameworks */,
				82A253701884D19B0021321A /* UIKit.framework in Frameworks */,
				82A2536F1884D19B0021321A /* Foundation.framework in Frameworks */,
			);
			runOnlyForDeploymentPostprocessing = 0;
		};
/* End PBXFrameworksBuildPhase section */

/* Begin PBXGroup section */
		82A2533F1884D19B0021321A = {
			isa = PBXGroup;
			children = (
				82A253511884D19B0021321A /* Auralize */,
				82A253731884D19B0021321A /* AuralizeTests */,
				82A2534A1884D19B0021321A /* Frameworks */,
				82A253491884D19B0021321A /* Products */,
			);
			sourceTree = "<group>";
		};
		82A253491884D19B0021321A /* Products */ = {
			isa = PBXGroup;
			children = (
				82A253481884D19B0021321A /* Auralize.app */,
				82A2536C1884D19B0021321A /* AuralizeTests.xctest */,
			);
			name = Products;
			sourceTree = "<group>";
		};
		82A2534A1884D19B0021321A /* Frameworks */ = {
			isa = PBXGroup;
			children = (
				82642D291884E6B8006F1432 /* AudioToolbox.framework */,
				82642D2A1884E6B8006F1432 /* AudioUnit.framework */,
				82642D2B1884E6B8006F1432 /* CoreAudio.framework */,
				82A2534B1884D19B0021321A /* Foundation.framework */,
				82A2534D1884D19B0021321A /* CoreGraphics.framework */,
				82A2534F1884D19B0021321A /* UIKit.framework */,
				82A2536D1884D19B0021321A /* XCTest.framework */,
			);
			name = Frameworks;
			sourceTree = "<group>";
		};
		82A253511884D19B0021321A /* Auralize */ = {
			isa = PBXGroup;
			children = (
				82A2535A1884D19B0021321A /* CIAppDelegate.h */,
				82A2535B1884D19B0021321A /* CIAppDelegate.m */,
				82A2535D1884D19B0021321A /* Main_iPhone.storyboard */,
				82A253601884D19B0021321A /* Main_iPad.storyboard */,
				82A253631884D19B0021321A /* CIViewController.h */,
				82A253641884D19B0021321A /* CIViewController.m */,
				82A253661884D19B0021321A /* Images.xcassets */,
				82A253521884D19B0021321A /* Supporting Files */,
			);
			path = Auralize;
			sourceTree = "<group>";
		};
		82A253521884D19B0021321A /* Supporting Files */ = {
			isa = PBXGroup;
			children = (
				82A253531884D19B0021321A /* Auralize-Info.plist */,
				82A253541884D19B0021321A /* InfoPlist.strings */,
				82A253571884D19B0021321A /* main.m */,
				82A253591884D19B0021321A /* Auralize-Prefix.pch */,
			);
			name = "Supporting Files";
			sourceTree = "<group>";
		};
		82A253731884D19B0021321A /* AuralizeTests */ = {
			isa = PBXGroup;
			children = (
				82A253791884D19B0021321A /* AuralizeTests.m */,
				82A253741884D19B0021321A /* Supporting Files */,
			);
			path = AuralizeTests;
			sourceTree = "<group>";
		};
		82A253741884D19B0021321A /* Supporting Files */ = {
			isa = PBXGroup;
			children = (
				82A253751884D19B0021321A /* AuralizeTests-Info.plist */,
				82A253761884D19B0021321A /* InfoPlist.strings */,
			);
			name = "Supporting Files";
			sourceTree = "<group>";
		};
/* End PBXGroup section */

/* Begin PBXNativeTarget section */
		82A253471884D19B0021321A /* Auralize */ = {
			isa = PBXNativeTarget;
			buildConfigurationList = 82A2537D1884D19B0021321A /* Build configuration list for PBXNativeTarget "Auralize" */;
			buildPhases = (
				82A253441884D19B0021321A /* Sources */,
				82A253451884D19B0021321A /* Frameworks */,
				82A253461884D19B0021321A /* Resources */,
			);
			buildRules = (
			);
			dependencies = (
			);
			name = Auralize;
			productName = Auralize;
			productReference = 82A253481884D19B0021321A /* Auralize.app */;
			productType = "com.apple.product-type.application";
		};
		82A2536B1884D19B0021321A /* AuralizeTests */ = {
			isa = PBXNativeTarget;
			buildConfigurationList = 82A253801884D19B0021321A /* Build configuration list for PBXNativeTarget "AuralizeTests" */;
			buildPhases = (
				82A253681884D19B0021321A /* Sources */,
				82A253691884D19B0021321A /* Frameworks */,
				82A2536A1884D19B0021321A /* Resources */,
			);
			buildRules = (
			);
			dependencies = (
				82A253721884D19B0021321A /* PBXTargetDependency */,
			);
			name = AuralizeTests;
			productName = AuralizeTests;
			productReference = 82A2536C1884D19B0021321A /* AuralizeTests.xctest */;
			productType = "com.apple.product-type.bundle.unit-test";
		};
/* End PBXNativeTarget section */

/* Begin PBXProject section */
		82A253401884D19B0021321A /* Project object */ = {
			isa = PBXProject;
			attributes = {
				CLASSPREFIX = CI;
				LastUpgradeCheck = 0500;
				ORGANIZATIONNAME = "CrayonIO Pte. Ltd";
				TargetAttributes = {
					82A253471884D19B0021321A = {
						DevelopmentTeam = 2KKN982YYH;
					};
					82A2536B1884D19B0021321A = {
						TestTargetID = 82A253471884D19B0021321A;
					};
				};
			};
			buildConfigurationList = 82A253431884D19B0021321A /* Build configuration list for PBXProject "Auralize" */;
			compatibilityVersion = "Xcode 3.2";
			developmentRegion = English;
			hasScannedForEncodings = 0;
			knownRegions = (
				en,
				Base,
			);
			mainGroup = 82A2533F1884D19B0021321A;
			productRefGroup = 82A253491884D19B0021321A /* Products */;
			projectDirPath = "";
			projectRoot = "";
			targets = (
				82A253471884D19B0021321A /* Auralize */,
				82A2536B1884D19B0021321A /* AuralizeTests */,
			);
		};
/* End PBXProject section */

/* Begin PBXResourcesBuildPhase section */
		82A253461884D19B0021321A /* Resources */ = {
			isa = PBXResourcesBuildPhase;
			buildActionMask = 2147483647;
			files = (
				82A253621884D19B0021321A /* Main_iPad.storyboard in Resources */,
				82A253671884D19B0021321A /* Images.xcassets in Resources */,
				82A2535F1884D19B0021321A /* Main_iPhone.storyboard in Resources */,
				82A253561884D19B0021321A /* InfoPlist.strings in Resources */,
			);
			runOnlyForDeploymentPostprocessing = 0;
		};
		82A2536A1884D19B0021321A /* Resources */ = {
			isa = PBXResourcesBuildPhase;
			buildActionMask = 2147483647;
			files = (
				82A253781884D19B0021321A /* InfoPlist.strings in Resources */,
			);
			runOnlyForDeploymentPostprocessing = 0;
		};
/* End PBXResourcesBuildPhase section */

/* Begin PBXSourcesBuildPhase section */
		82A253441884D19B0021321A /* Sources */ = {
			isa = PBXSourcesBuildPhase;
			buildActionMask = 2147483647;
			files = (
				82A2535C1884D19B0021321A /* CIAppDelegate.m in Sources */,
				82A253581884D19B0021321A /* main.m in Sources */,
				82A253651884D19B0021321A /* CIViewController.m in Sources */,
			);
			runOnlyForDeploymentPostprocessing = 0;
		};
		82A253681884D19B0021321A /* Sources */ = {
			isa = PBXSourcesBuildPhase;
			buildActionMask = 2147483647;
			files = (
				82A2537A1884D19B0021321A /* AuralizeTests.m in Sources */,
			);
			runOnlyForDeploymentPostprocessing = 0;
		};
/* End PBXSourcesBuildPhase section */

/* Begin PBXTargetDependency section */
		82A253721884D19B0021321A /* PBXTargetDependency */ = {
			isa = PBXTargetDependency;
			target = 82A253471884D19B0021321A /* Auralize */;
			targetProxy = 82A253711884D19B0021321A /* PBXContainerItemProxy */;
		};
/* End PBXTargetDependency section */

/* Begin PBXVariantGroup section */
		82A253541884D19B0021321A /* InfoPlist.strings */ = {
			isa = PBXVariantGroup;
			children = (
				82A253551884D19B0021321A /* en */,
			);
			name = InfoPlist.strings;
			sourceTree = "<group>";
		};
		82A2535D1884D19B0021321A /* Main_iPhone.storyboard */ = {
			isa = PBXVariantGroup;
			children = (
				82A2535E1884D19B0021321A /* Base */,
			);
			name = Main_iPhone.storyboard;
			sourceTree = "<group>";
		};
		82A253601884D19B0021321A /* Main_iPad.storyboard */ = {
			isa = PBXVariantGroup;
			children = (
				82A253611884D19B0021321A /* Base */,
			);
			name = Main_iPad.storyboard;
			sourceTree = "<group>";
		};
		82A253761884D19B0021321A /* InfoPlist.strings */ = {
			isa = PBXVariantGroup;
			children = (
				82A253771884D19B0021321A /* en */,
			);
			name = InfoPlist.strings;
			sourceTree = "<group>";
		};
/* End PBXVariantGroup section */

/* Begin XCBuildConfiguration section */
		82A2537B1884D19B0021321A /* Debug */ = {
			isa = XCBuildConfiguration;
			buildSettings = {
				ALWAYS_SEARCH_USER_PATHS = NO;
				ARCHS = "$(ARCHS_STANDARD_INCLUDING_64_BIT)";
				CLANG_CXX_LANGUAGE_STANDARD = "gnu++0x";
				CLANG_CXX_LIBRARY = "libc++";
				CLANG_ENABLE_MODULES = YES;
				CLANG_ENABLE_OBJC_ARC = YES;
				CLANG_WARN_BOOL_CONVERSION = YES;
				CLANG_WARN_CONSTANT_CONVERSION = YES;
				CLANG_WARN_DIRECT_OBJC_ISA_USAGE = YES_ERROR;
				CLANG_WARN_EMPTY_BODY = YES;
				CLANG_WARN_ENUM_CONVERSION = YES;
				CLANG_WARN_INT_CONVERSION = YES;
				CLANG_WARN_OBJC_ROOT_CLASS = YES_ERROR;
				CLANG_WARN__DUPLICATE_METHOD_MATCH = YES;
				"CODE_SIGN_IDENTITY[sdk=iphoneos*]" = "iPhone Developer";
				COPY_PHASE_STRIP = NO;
				GCC_C_LANGUAGE_STANDARD = gnu99;
				GCC_DYNAMIC_NO_PIC = NO;
				GCC_OPTIMIZATION_LEVEL = 0;
				GCC_PREPROCESSOR_DEFINITIONS = (
					"DEBUG=1",
					"$(inherited)",
				);
				GCC_SYMBOLS_PRIVATE_EXTERN = NO;
				GCC_WARN_64_TO_32_BIT_CONVERSION = YES;
				GCC_WARN_ABOUT_RETURN_TYPE = YES_ERROR;
				GCC_WARN_UNDECLARED_SELECTOR = YES;
				GCC_WARN_UNINITIALIZED_AUTOS = YES;
				GCC_WARN_UNUSED_FUNCTION = YES;
				GCC_WARN_UNUSED_VARIABLE = YES;
				IPHONEOS_DEPLOYMENT_TARGET = 7.0;
				ONLY_ACTIVE_ARCH = YES;
				SDKROOT = iphoneos;
				TARGETED_DEVICE_FAMILY = "1,2";
			};
			name = Debug;
		};
		82A2537C1884D19B0021321A /* Release */ = {
			isa = XCBuildConfiguration;
			buildSettings = {
				ALWAYS_SEARCH_USER_PATHS = NO;
				ARCHS = "$(ARCHS_STANDARD_INCLUDING_64_BIT)";
				CLANG_CXX_LANGUAGE_STANDARD = "gnu++0x";
				CLANG_CXX_LIBRARY = "libc++";
				CLANG_ENABLE_MODULES = YES;
				CLANG_ENABLE_OBJC_ARC = YES;
				CLANG_WARN_BOOL_CONVERSION = YES;
				CLANG_WARN_CONSTANT_CONVERSION = YES;
				CLANG_WARN_DIRECT_OBJC_ISA_USAGE = YES_ERROR;
				CLANG_WARN_EMPTY_BODY = YES;
				CLANG_WARN_ENUM_CONVERSION = YES;
				CLANG_WARN_INT_CONVERSION = YES;
				CLANG_WARN_OBJC_ROOT_CLASS = YES_ERROR;
				CLANG_WARN__DUPLICATE_METHOD_MATCH = YES;
				"CODE_SIGN_IDENTITY[sdk=iphoneos*]" = "iPhone Developer";
				COPY_PHASE_STRIP = YES;
				ENABLE_NS_ASSERTIONS = NO;
				GCC_C_LANGUAGE_STANDARD = gnu99;
				GCC_WARN_64_TO_32_BIT_CONVERSION = YES;
				GCC_WARN_ABOUT_RETURN_TYPE = YES_ERROR;
				GCC_WARN_UNDECLARED_SELECTOR = YES;
				GCC_WARN_UNINITIALIZED_AUTOS = YES;
				GCC_WARN_UNUSED_FUNCTION = YES;
				GCC_WARN_UNUSED_VARIABLE = YES;
				IPHONEOS_DEPLOYMENT_TARGET = 7.0;
				SDKROOT = iphoneos;
				TARGETED_DEVICE_FAMILY = "1,2";
				VALIDATE_PRODUCT = YES;
			};
			name = Release;
		};
		82A2537E1884D19B0021321A /* Debug */ = {
			isa = XCBuildConfiguration;
			buildSettings = {
				ASSETCATALOG_COMPILER_APPICON_NAME = AppIcon;
				ASSETCATALOG_COMPILER_LAUNCHIMAGE_NAME = LaunchImage;
				CODE_SIGN_IDENTITY = "iPhone Developer";
				"CODE_SIGN_IDENTITY[sdk=iphoneos*]" = "iPhone Developer";
				GCC_PRECOMPILE_PREFIX_HEADER = YES;
				GCC_PREFIX_HEADER = "Auralize/Auralize-Prefix.pch";
				INFOPLIST_FILE = "Auralize/Auralize-Info.plist";
				PRODUCT_NAME = "$(TARGET_NAME)";
				PROVISIONING_PROFILE = "";
				WRAPPER_EXTENSION = app;
			};
			name = Debug;
		};
		82A2537F1884D19B0021321A /* Release */ = {
			isa = XCBuildConfiguration;
			buildSettings = {
				ASSETCATALOG_COMPILER_APPICON_NAME = AppIcon;
				ASSETCATALOG_COMPILER_LAUNCHIMAGE_NAME = LaunchImage;
				CODE_SIGN_IDENTITY = "iPhone Developer";
				"CODE_SIGN_IDENTITY[sdk=iphoneos*]" = "iPhone Developer";
				GCC_PRECOMPILE_PREFIX_HEADER = YES;
				GCC_PREFIX_HEADER = "Auralize/Auralize-Prefix.pch";
				INFOPLIST_FILE = "Auralize/Auralize-Info.plist";
				PRODUCT_NAME = "$(TARGET_NAME)";
				PROVISIONING_PROFILE = "";
				WRAPPER_EXTENSION = app;
			};
			name = Release;
		};
		82A253811884D19B0021321A /* Debug */ = {
			isa = XCBuildConfiguration;
			buildSettings = {
				ARCHS = "$(ARCHS_STANDARD_INCLUDING_64_BIT)";
				BUNDLE_LOADER = "$(BUILT_PRODUCTS_DIR)/Auralize.app/Auralize";
				FRAMEWORK_SEARCH_PATHS = (
					"$(SDKROOT)/Developer/Library/Frameworks",
					"$(inherited)",
					"$(DEVELOPER_FRAMEWORKS_DIR)",
				);
				GCC_PRECOMPILE_PREFIX_HEADER = YES;
				GCC_PREFIX_HEADER = "Auralize/Auralize-Prefix.pch";
				GCC_PREPROCESSOR_DEFINITIONS = (
					"DEBUG=1",
					"$(inherited)",
				);
				INFOPLIST_FILE = "AuralizeTests/AuralizeTests-Info.plist";
				PRODUCT_NAME = "$(TARGET_NAME)";
				TEST_HOST = "$(BUNDLE_LOADER)";
				WRAPPER_EXTENSION = xctest;
			};
			name = Debug;
		};
		82A253821884D19B0021321A /* Release */ = {
			isa = XCBuildConfiguration;
			buildSettings = {
				ARCHS = "$(ARCHS_STANDARD_INCLUDING_64_BIT)";
				BUNDLE_LOADER = "$(BUILT_PRODUCTS_DIR)/Auralize.app/Auralize";
				FRAMEWORK_SEARCH_PATHS = (
					"$(SDKROOT)/Developer/Library/Frameworks",
					"$(inherited)",
					"$(DEVELOPER_FRAMEWORKS_DIR)",
				);
				GCC_PRECOMPILE_PREFIX_HEADER = YES;
				GCC_PREFIX_HEADER = "Auralize/Auralize-Prefix.pch";
				INFOPLIST_FILE = "AuralizeTests/AuralizeTests-Info.plist";
				PRODUCT_NAME = "$(TARGET_NAME)";
				TEST_HOST = "$(BUNDLE_LOADER)";
				WRAPPER_EXTENSION = xctest;
			};
			name = Release;
		};
/* End XCBuildConfiguration section */

/* Begin XCConfigurationList section */
		82A253431884D19B0021321A /* Build configuration list for PBXProject "Auralize" */ = {
			isa = XCConfigurationList;
			buildConfigurations = (
				82A2537B1884D19B0021321A /* Debug */,
				82A2537C1884D19B0021321A /* Release */,
			);
			defaultConfigurationIsVisible = 0;
			defaultConfigurationName = Release;
		};
		82A2537D1884D19B0021321A /* Build configuration list for PBXNativeTarget "Auralize" */ = {
			isa = XCConfigurationList;
			buildConfigurations = (
				82A2537E1884D19B0021321A /* Debug */,
				82A2537F1884D19B0021321A /* Release */,
			);
			defaultConfigurationIsVisible = 0;
			defaultConfigurationName = Release;
		};
		82A253801884D19B0021321A /* Build configuration list for PBXNativeTarget "AuralizeTests" */ = {
			isa = XCConfigurationList;
			buildConfigurations = (
				82A253811884D19B0021321A /* Debug */,
				82A253821884D19B0021321A /* Release */,
			);
			defaultConfigurationIsVisible = 0;
			defaultConfigurationName = Release;
		};
/* End XCConfigurationList section */
	};
	rootObject = 82A253401884D19B0021321A /* Project object */;
}
